
Microsoft Visual Studio Solution File, Format Version 12.00
# Visual Studio Version 17
VisualStudioVersion = 17.0.32014.148
MinimumVisualStudioVersion = 10.0.40219.1
Project("{888888A0-9F3D-457C-B088-3A5042F75D52}") = "Log_calculator", "Log_calculator.pyproj", "{01CDDC88-D5CC-4FD6-B138-AD4587DB263E}"
EndProject
Global
	GlobalSection(SolutionConfigurationPlatforms) = preSolution
		Debug|Any CPU = Debug|Any CPU
		Release|Any CPU = Release|Any CPU
	EndGlobalSection
	GlobalSection(ProjectConfigurationPlatforms) = postSolution
		{01CDDC88-D5CC-4FD6-B138-AD4587DB263E}.Debug|Any CPU.ActiveCfg = Debug|Any CPU
		{01CDDC88-D5CC-4FD6-B138-AD4587DB263E}.Release|Any CPU.ActiveCfg = Release|Any CPU
	EndGlobalSection
	GlobalSection(SolutionProperties) = preSolution
		HideSolutionNode = FALSE
	EndGlobalSection
	GlobalSection(ExtensibilityGlobals) = postSolution
		SolutionGuid = {6A4F8FFD-8891-47D4-91C3-74BA9047E560}
	EndGlobalSection
EndGlobal
